
Microsoft Visual Studio Solution File, Format Version 12.00
# Visual Studio Version 16
VisualStudioVersion = 16.0.30309.148
MinimumVisualStudioVersion = 10.0.40219.1
Project("{FAE04EC0-301F-11D3-BF4B-00C04F79EFBC}") = "gramed", "gramed.csproj", "{2D599459-27AD-457F-8B94-236442F12952}"
EndProject
Global
	GlobalSection(SolutionConfigurationPlatforms) = preSolution
		Debug|Any CPU = Debug|Any CPU
		Release|Any CPU = Release|Any CPU
	EndGlobalSection
	GlobalSection(ProjectConfigurationPlatforms) = postSolution
		{2D599459-27AD-457F-8B94-236442F12952}.Debug|Any CPU.ActiveCfg = Debug|Any CPU
		{2D599459-27AD-457F-8B94-236442F12952}.Debug|Any CPU.Build.0 = Debug|Any CPU
		{2D599459-27AD-457F-8B94-236442F12952}.Release|Any CPU.ActiveCfg = Release|Any CPU
		{2D599459-27AD-457F-8B94-236442F12952}.Release|Any CPU.Build.0 = Release|Any CPU
	EndGlobalSection
	GlobalSection(SolutionProperties) = preSolution
		HideSolutionNode = FALSE
	EndGlobalSection
	GlobalSection(ExtensibilityGlobals) = postSolution
		SolutionGuid = {F167EC6A-18AF-4734-A5CB-5C0265A75CDE}
	EndGlobalSection
EndGlobal
